
Microsoft Visual Studio Solution File, Format Version 12.00
# Visual Studio 15
VisualStudioVersion = 15.0.28307.539
MinimumVisualStudioVersion = 10.0.40219.1
Project("{FAE04EC0-301F-11D3-BF4B-00C04F79EFBC}") = "shop", "shop\shop.csproj", "{475FAE71-5972-477F-BE0D-FADBD16453B3}"
EndProject
Global
	GlobalSection(SolutionConfigurationPlatforms) = preSolution
		Debug|Any CPU = Debug|Any CPU
		Release|Any CPU = Release|Any CPU
	EndGlobalSection
	GlobalSection(ProjectConfigurationPlatforms) = postSolution
		{475FAE71-5972-477F-BE0D-FADBD16453B3}.Debug|Any CPU.ActiveCfg = Debug|Any CPU
		{475FAE71-5972-477F-BE0D-FADBD16453B3}.Debug|Any CPU.Build.0 = Debug|Any CPU
		{475FAE71-5972-477F-BE0D-FADBD16453B3}.Release|Any CPU.ActiveCfg = Release|Any CPU
		{475FAE71-5972-477F-BE0D-FADBD16453B3}.Release|Any CPU.Build.0 = Release|Any CPU
	EndGlobalSection
	GlobalSection(SolutionProperties) = preSolution
		HideSolutionNode = FALSE
	EndGlobalSection
	GlobalSection(ExtensibilityGlobals) = postSolution
		SolutionGuid = {E0451232-9917-4714-A6CC-F7A9EAA8D740}
	EndGlobalSection
EndGlobal
